{
    "_meta": {
        "hash": {
            "sha256": "5dffd5aa666c43f5054d20831fb7de7f41c8c9ec5dfd41462e3e4803d6cc59f7"
        },
        "pipfile-spec": 6,
        "requires": {
            "python_version": "3.7"
        },
        "sources": [
            {
                "name": "pypi",
                "url": "https://pypi.org/simple",
                "verify_ssl": true
            }
        ]
    },
    "default": {
        "chester": {
            "hashes": [
                "sha256:67213c6c5ab6da5a0a5e552f4ae435262e8bf3f931caf4e23302eed33052e479",
                "sha256:b9a588fc6e15cf176ef800324a2141f3a59b9716ba70b7f357666abfcb1c249c"
            ],
            "index": "pypi",
            "version": "==0.3.1"
        },
        "python-chess": {
            "hashes": [
                "sha256:e5f92c40a8700b8a36e6da2db6f5bb6645724c81a031c64797bbeb0a6581ca1c",
                "sha256:efd2d980d78976f24feb3864d303b50710822c2bdd72545bf5cc3dd391d40c00"
            ],
            "index": "pypi",
            "version": "==0.26.0"
        }
    },
    "develop": {
        "tqdm": {
            "hashes": [
                "sha256:d385c95361699e5cf7622485d9b9eae2d4864b21cd5a2374a9c381ffed701021",
                "sha256:e22977e3ebe961f72362f6ddfb9197cc531c9737aaf5f607ef09740c849ecd05"
            ],
            "index": "pypi",
            "version": "==4.31.1"
        }
    }
}
